// !$*UTF8*$!
{
	archiveVersion = 1;
	classes = {
	};
	objectVersion = 56;
	objects = {

/* Begin PBXBuildFile section */
		450C5F1D2B961DFC00394697 /* Trip.swift in Sources */ = {isa = PBXBuildFile; fileRef = 450C5F1C2B961DFC00394697 /* Trip.swift */; };
		450C5F1F2B963B5700394697 /* TripTest.swift in Sources */ = {isa = PBXBuildFile; fileRef = 450C5F1E2B963B5700394697 /* TripTest.swift */; };
		4545AA682BA373B500958306 /* Env.swift in Sources */ = {isa = PBXBuildFile; fileRef = 4545AA672BA373B500958306 /* Env.swift */; };
		4545AA6B2BA3857500958306 /* walk_plan.json in Resources */ = {isa = PBXBuildFile; fileRef = 4545AA692BA3857500958306 /* walk_plan.json */; };
		4545AA6E2BA3934000958306 /* Maneuver.swift in Sources */ = {isa = PBXBuildFile; fileRef = 4545AA6D2BA3934000958306 /* Maneuver.swift */; };
		4545AA702BA39C4F00958306 /* Valhalla.swift in Sources */ = {isa = PBXBuildFile; fileRef = 4545AA6F2BA39C4F00958306 /* Valhalla.swift */; };
		4545AA742BA3B0B700958306 /* bicycle_plan.json in Resources */ = {isa = PBXBuildFile; fileRef = 4545AA722BA3B0B700958306 /* bicycle_plan.json */; };
		4545AA752BA3B0B700958306 /* car_plan.json in Resources */ = {isa = PBXBuildFile; fileRef = 4545AA732BA3B0B700958306 /* car_plan.json */; };
		4545AA772BA3B88D00958306 /* ManeuverList.swift in Sources */ = {isa = PBXBuildFile; fileRef = 4545AA762BA3B88D00958306 /* ManeuverList.swift */; };
		45462D402BC0BB4F00FDE302 /* OpenTripPlanner.swift in Sources */ = {isa = PBXBuildFile; fileRef = 45462D3F2BC0BB4F00FDE302 /* OpenTripPlanner.swift */; };
		45462D422BC0BEA900FDE302 /* TripPlanListItemDetails.swift in Sources */ = {isa = PBXBuildFile; fileRef = 45462D412BC0BEA900FDE302 /* TripPlanListItemDetails.swift */; };
		455363EE2B687D90006DF291 /* MapLibre in Frameworks */ = {isa = PBXBuildFile; productRef = 455363ED2B687D90006DF291 /* MapLibre */; };
		455363F02B687EF0006DF291 /* MapView.swift in Sources */ = {isa = PBXBuildFile; fileRef = 455363EF2B687EF0006DF291 /* MapView.swift */; };
		455CDFF42BAA5E4A00D72FF6 /* PhoneNumberKit in Frameworks */ = {isa = PBXBuildFile; productRef = 455CDFF32BAA5E4A00D72FF6 /* PhoneNumberKit */; };
		455CDFF82BAB99D600D72FF6 /* TopControls.swift in Sources */ = {isa = PBXBuildFile; fileRef = 455CDFF72BAB99D600D72FF6 /* TopControls.swift */; };
		4562F34A2BA50BBB00FD8621 /* SheetContent.swift in Sources */ = {isa = PBXBuildFile; fileRef = 4562F3492BA50BBB00FD8621 /* SheetContent.swift */; };
		4563B9F32B687AA4005A677A /* maps_earthApp.swift in Sources */ = {isa = PBXBuildFile; fileRef = 4563B9F22B687AA4005A677A /* maps_earthApp.swift */; };
		4563B9F52B687AA4005A677A /* HomeView.swift in Sources */ = {isa = PBXBuildFile; fileRef = 4563B9F42B687AA4005A677A /* HomeView.swift */; };
		4563B9F72B687AA5005A677A /* Assets.xcassets in Resources */ = {isa = PBXBuildFile; fileRef = 4563B9F62B687AA5005A677A /* Assets.xcassets */; };
		4563B9FA2B687AA5005A677A /* Preview Assets.xcassets in Resources */ = {isa = PBXBuildFile; fileRef = 4563B9F92B687AA5005A677A /* Preview Assets.xcassets */; };
		4563BA042B687AA5005A677A /* maps_earthTests.swift in Sources */ = {isa = PBXBuildFile; fileRef = 4563BA032B687AA5005A677A /* maps_earthTests.swift */; };
		4563BA0E2B687AA5005A677A /* maps_earthUITests.swift in Sources */ = {isa = PBXBuildFile; fileRef = 4563BA0D2B687AA5005A677A /* maps_earthUITests.swift */; };
		4563BA102B687AA5005A677A /* maps_earthUITestsLaunchTests.swift in Sources */ = {isa = PBXBuildFile; fileRef = 4563BA0F2B687AA5005A677A /* maps_earthUITestsLaunchTests.swift */; };
		456C6CEC2B71B15100AAFBE6 /* PlaceList.swift in Sources */ = {isa = PBXBuildFile; fileRef = 456C6CEB2B71B15100AAFBE6 /* PlaceList.swift */; };
		456C6CEE2B71B28E00AAFBE6 /* PlaceDetail.swift in Sources */ = {isa = PBXBuildFile; fileRef = 456C6CED2B71B28E00AAFBE6 /* PlaceDetail.swift */; };
		456C6CF12B71BBD200AAFBE6 /* AddressFormatter.swift in Sources */ = {isa = PBXBuildFile; fileRef = 456C6CF02B71BBD200AAFBE6 /* AddressFormatter.swift */; };
		456C6CF32B7306D000AAFBE6 /* PlaceTest.swift in Sources */ = {isa = PBXBuildFile; fileRef = 456C6CF22B7306D000AAFBE6 /* PlaceTest.swift */; };
		45971ABB2B71995D0050BECE /* Place.swift in Sources */ = {isa = PBXBuildFile; fileRef = 45971ABA2B71995D0050BECE /* Place.swift */; };
		45971ABF2B719C620050BECE /* LngLat.swift in Sources */ = {isa = PBXBuildFile; fileRef = 45971ABE2B719C620050BECE /* LngLat.swift */; };
		45971AC32B719DD90050BECE /* GeocodeClient.swift in Sources */ = {isa = PBXBuildFile; fileRef = 45971AC22B719DD90050BECE /* GeocodeClient.swift */; };
		45971AC52B71A6FF0050BECE /* PlaceRow.swift in Sources */ = {isa = PBXBuildFile; fileRef = 45971AC42B71A6FF0050BECE /* PlaceRow.swift */; };
		45971ACA2B71AB500050BECE /* FixtureData.swift in Sources */ = {isa = PBXBuildFile; fileRef = 45971AC92B71AB500050BECE /* FixtureData.swift */; };
		45971ACE2B71AC320050BECE /* autocomplete.json in Resources */ = {isa = PBXBuildFile; fileRef = 45971ACD2B71AC320050BECE /* autocomplete.json */; };
		45992B482B97E56000A64AEE /* transit_plan.json in Resources */ = {isa = PBXBuildFile; fileRef = 45992B462B97E55F00A64AEE /* transit_plan.json */; };
		45992B4B2B97E66D00A64AEE /* TripPlanClient.swift in Sources */ = {isa = PBXBuildFile; fileRef = 45992B4A2B97E66D00A64AEE /* TripPlanClient.swift */; };
		45992B4D2B9A71D100A64AEE /* Style.swift in Sources */ = {isa = PBXBuildFile; fileRef = 45992B4C2B9A71D100A64AEE /* Style.swift */; };
		45992B4F2B9A9D1B00A64AEE /* AppConfig.swift in Sources */ = {isa = PBXBuildFile; fileRef = 45992B4E2B9A9D1B00A64AEE /* AppConfig.swift */; };
		45992B512B9B5B4300A64AEE /* TripPlan.swift in Sources */ = {isa = PBXBuildFile; fileRef = 45992B502B9B5B4300A64AEE /* TripPlan.swift */; };
		45992B562B9BC3BC00A64AEE /* MarkerViews.swift in Sources */ = {isa = PBXBuildFile; fileRef = 45992B552B9BC3BC00A64AEE /* MarkerViews.swift */; };
		45CA4C6E2B7ECB6400DB08BF /* TripPlanView.swift in Sources */ = {isa = PBXBuildFile; fileRef = 45CA4C6D2B7ECB6400DB08BF /* TripPlanView.swift */; };
		45CA4C702B7EE69800DB08BF /* PlaceSearch.swift in Sources */ = {isa = PBXBuildFile; fileRef = 45CA4C6F2B7EE69800DB08BF /* PlaceSearch.swift */; };
		45D0C53D2BC47FC4004D245F /* MultiModalTripDetails.swift in Sources */ = {isa = PBXBuildFile; fileRef = 45D0C53C2BC47FC4004D245F /* MultiModalTripDetails.swift */; };
		45E474712BB3562600018120 /* bicycle_plan_error.json in Resources */ = {isa = PBXBuildFile; fileRef = 45E474702BB3562500018120 /* bicycle_plan_error.json */; };
		45F5ECC62B9FC95C007A4657 /* UIHelper.swift in Sources */ = {isa = PBXBuildFile; fileRef = 45F5ECC52B9FC95C007A4657 /* UIHelper.swift */; };
		45F5ECC82BA011C9007A4657 /* CloseButton.swift in Sources */ = {isa = PBXBuildFile; fileRef = 45F5ECC72BA011C9007A4657 /* CloseButton.swift */; };
		45F5ECCA2BA11046007A4657 /* LocateMeButton.swift in Sources */ = {isa = PBXBuildFile; fileRef = 45F5ECC92BA11046007A4657 /* LocateMeButton.swift */; };
/* End PBXBuildFile section */

/* Begin PBXContainerItemProxy section */
		4563BA002B687AA5005A677A /* PBXContainerItemProxy */ = {
			isa = PBXContainerItemProxy;
			containerPortal = 4563B9E72B687AA4005A677A /* Project object */;
			proxyType = 1;
			remoteGlobalIDString = 4563B9EE2B687AA4005A677A;
			remoteInfo = maps.earth;
		};
		4563BA0A2B687AA5005A677A /* PBXContainerItemProxy */ = {
			isa = PBXContainerItemProxy;
			containerPortal = 4563B9E72B687AA4005A677A /* Project object */;
			proxyType = 1;
			remoteGlobalIDString = 4563B9EE2B687AA4005A677A;
			remoteInfo = maps.earth;
		};
/* End PBXContainerItemProxy section */

/* Begin PBXFileReference section */
		450C5F1C2B961DFC00394697 /* Trip.swift */ = {isa = PBXFileReference; lastKnownFileType = sourcecode.swift; path = Trip.swift; sourceTree = "<group>"; };
		450C5F1E2B963B5700394697 /* TripTest.swift */ = {isa = PBXFileReference; lastKnownFileType = sourcecode.swift; path = TripTest.swift; sourceTree = "<group>"; };
		4545AA672BA373B500958306 /* Env.swift */ = {isa = PBXFileReference; lastKnownFileType = sourcecode.swift; path = Env.swift; sourceTree = "<group>"; };
		4545AA692BA3857500958306 /* walk_plan.json */ = {isa = PBXFileReference; fileEncoding = 4; lastKnownFileType = text.json; path = walk_plan.json; sourceTree = "<group>"; };
		4545AA6D2BA3934000958306 /* Maneuver.swift */ = {isa = PBXFileReference; lastKnownFileType = sourcecode.swift; path = Maneuver.swift; sourceTree = "<group>"; };
		4545AA6F2BA39C4F00958306 /* Valhalla.swift */ = {isa = PBXFileReference; lastKnownFileType = sourcecode.swift; path = Valhalla.swift; sourceTree = "<group>"; };
		4545AA712BA3A9E000958306 /* maps.earth-unit-tests.xctestplan */ = {isa = PBXFileReference; lastKnownFileType = text; path = "maps.earth-unit-tests.xctestplan"; sourceTree = "<group>"; };
		4545AA722BA3B0B700958306 /* bicycle_plan.json */ = {isa = PBXFileReference; fileEncoding = 4; lastKnownFileType = text.json; path = bicycle_plan.json; sourceTree = "<group>"; };
		4545AA732BA3B0B700958306 /* car_plan.json */ = {isa = PBXFileReference; fileEncoding = 4; lastKnownFileType = text.json; path = car_plan.json; sourceTree = "<group>"; };
		4545AA762BA3B88D00958306 /* ManeuverList.swift */ = {isa = PBXFileReference; lastKnownFileType = sourcecode.swift; path = ManeuverList.swift; sourceTree = "<group>"; };
		45462D3F2BC0BB4F00FDE302 /* OpenTripPlanner.swift */ = {isa = PBXFileReference; lastKnownFileType = sourcecode.swift; path = OpenTripPlanner.swift; sourceTree = "<group>"; };
		45462D412BC0BEA900FDE302 /* TripPlanListItemDetails.swift */ = {isa = PBXFileReference; lastKnownFileType = sourcecode.swift; path = TripPlanListItemDetails.swift; sourceTree = "<group>"; };
		455363EF2B687EF0006DF291 /* MapView.swift */ = {isa = PBXFileReference; lastKnownFileType = sourcecode.swift; path = MapView.swift; sourceTree = "<group>"; };
		455CDFF72BAB99D600D72FF6 /* TopControls.swift */ = {isa = PBXFileReference; lastKnownFileType = sourcecode.swift; path = TopControls.swift; sourceTree = "<group>"; };
		4562F3492BA50BBB00FD8621 /* SheetContent.swift */ = {isa = PBXFileReference; lastKnownFileType = sourcecode.swift; path = SheetContent.swift; sourceTree = "<group>"; };
		4563B9EF2B687AA4005A677A /* maps.earth.app */ = {isa = PBXFileReference; explicitFileType = wrapper.application; includeInIndex = 0; path = maps.earth.app; sourceTree = BUILT_PRODUCTS_DIR; };
		4563B9F22B687AA4005A677A /* maps_earthApp.swift */ = {isa = PBXFileReference; lastKnownFileType = sourcecode.swift; path = maps_earthApp.swift; sourceTree = "<group>"; };
		4563B9F42B687AA4005A677A /* HomeView.swift */ = {isa = PBXFileReference; lastKnownFileType = sourcecode.swift; path = HomeView.swift; sourceTree = "<group>"; };
		4563B9F62B687AA5005A677A /* Assets.xcassets */ = {isa = PBXFileReference; lastKnownFileType = folder.assetcatalog; path = Assets.xcassets; sourceTree = "<group>"; };
		4563B9F92B687AA5005A677A /* Preview Assets.xcassets */ = {isa = PBXFileReference; lastKnownFileType = folder.assetcatalog; path = "Preview Assets.xcassets"; sourceTree = "<group>"; };
		4563B9FF2B687AA5005A677A /* maps.earthTests.xctest */ = {isa = PBXFileReference; explicitFileType = wrapper.cfbundle; includeInIndex = 0; path = maps.earthTests.xctest; sourceTree = BUILT_PRODUCTS_DIR; };
		4563BA032B687AA5005A677A /* maps_earthTests.swift */ = {isa = PBXFileReference; lastKnownFileType = sourcecode.swift; path = maps_earthTests.swift; sourceTree = "<group>"; };
		4563BA092B687AA5005A677A /* maps.earthUITests.xctest */ = {isa = PBXFileReference; explicitFileType = wrapper.cfbundle; includeInIndex = 0; path = maps.earthUITests.xctest; sourceTree = BUILT_PRODUCTS_DIR; };
		4563BA0D2B687AA5005A677A /* maps_earthUITests.swift */ = {isa = PBXFileReference; lastKnownFileType = sourcecode.swift; path = maps_earthUITests.swift; sourceTree = "<group>"; };
		4563BA0F2B687AA5005A677A /* maps_earthUITestsLaunchTests.swift */ = {isa = PBXFileReference; lastKnownFileType = sourcecode.swift; path = maps_earthUITestsLaunchTests.swift; sourceTree = "<group>"; };
		456C6CEB2B71B15100AAFBE6 /* PlaceList.swift */ = {isa = PBXFileReference; lastKnownFileType = sourcecode.swift; path = PlaceList.swift; sourceTree = "<group>"; };
		456C6CED2B71B28E00AAFBE6 /* PlaceDetail.swift */ = {isa = PBXFileReference; lastKnownFileType = sourcecode.swift; path = PlaceDetail.swift; sourceTree = "<group>"; };
		456C6CF02B71BBD200AAFBE6 /* AddressFormatter.swift */ = {isa = PBXFileReference; lastKnownFileType = sourcecode.swift; path = AddressFormatter.swift; sourceTree = "<group>"; };
		456C6CF22B7306D000AAFBE6 /* PlaceTest.swift */ = {isa = PBXFileReference; lastKnownFileType = sourcecode.swift; path = PlaceTest.swift; sourceTree = "<group>"; };
		45971ABA2B71995D0050BECE /* Place.swift */ = {isa = PBXFileReference; lastKnownFileType = sourcecode.swift; path = Place.swift; sourceTree = "<group>"; };
		45971ABE2B719C620050BECE /* LngLat.swift */ = {isa = PBXFileReference; lastKnownFileType = sourcecode.swift; path = LngLat.swift; sourceTree = "<group>"; };
		45971AC22B719DD90050BECE /* GeocodeClient.swift */ = {isa = PBXFileReference; lastKnownFileType = sourcecode.swift; path = GeocodeClient.swift; sourceTree = "<group>"; };
		45971AC42B71A6FF0050BECE /* PlaceRow.swift */ = {isa = PBXFileReference; lastKnownFileType = sourcecode.swift; path = PlaceRow.swift; sourceTree = "<group>"; };
		45971AC92B71AB500050BECE /* FixtureData.swift */ = {isa = PBXFileReference; lastKnownFileType = sourcecode.swift; path = FixtureData.swift; sourceTree = "<group>"; };
		45971ACD2B71AC320050BECE /* autocomplete.json */ = {isa = PBXFileReference; lastKnownFileType = text.json; path = autocomplete.json; sourceTree = "<group>"; };
		45992B462B97E55F00A64AEE /* transit_plan.json */ = {isa = PBXFileReference; fileEncoding = 4; lastKnownFileType = text.json; path = transit_plan.json; sourceTree = "<group>"; };
		45992B4A2B97E66D00A64AEE /* TripPlanClient.swift */ = {isa = PBXFileReference; lastKnownFileType = sourcecode.swift; path = TripPlanClient.swift; sourceTree = "<group>"; };
		45992B4C2B9A71D100A64AEE /* Style.swift */ = {isa = PBXFileReference; lastKnownFileType = sourcecode.swift; path = Style.swift; sourceTree = "<group>"; };
		45992B4E2B9A9D1B00A64AEE /* AppConfig.swift */ = {isa = PBXFileReference; lastKnownFileType = sourcecode.swift; path = AppConfig.swift; sourceTree = "<group>"; };
		45992B502B9B5B4300A64AEE /* TripPlan.swift */ = {isa = PBXFileReference; lastKnownFileType = sourcecode.swift; path = TripPlan.swift; sourceTree = "<group>"; };
		45992B542B9B651900A64AEE /* maps-earth-Info.plist */ = {isa = PBXFileReference; lastKnownFileType = text.plist; path = "maps-earth-Info.plist"; sourceTree = SOURCE_ROOT; };
		45992B552B9BC3BC00A64AEE /* MarkerViews.swift */ = {isa = PBXFileReference; lastKnownFileType = sourcecode.swift; path = MarkerViews.swift; sourceTree = "<group>"; };
		45CA4C6D2B7ECB6400DB08BF /* TripPlanView.swift */ = {isa = PBXFileReference; lastKnownFileType = sourcecode.swift; path = TripPlanView.swift; sourceTree = "<group>"; };
		45CA4C6F2B7EE69800DB08BF /* PlaceSearch.swift */ = {isa = PBXFileReference; lastKnownFileType = sourcecode.swift; path = PlaceSearch.swift; sourceTree = "<group>"; };
		45D0C53C2BC47FC4004D245F /* MultiModalTripDetails.swift */ = {isa = PBXFileReference; lastKnownFileType = sourcecode.swift; path = MultiModalTripDetails.swift; sourceTree = "<group>"; };
		45E474702BB3562500018120 /* bicycle_plan_error.json */ = {isa = PBXFileReference; fileEncoding = 4; lastKnownFileType = text.json; path = bicycle_plan_error.json; sourceTree = "<group>"; };
		45F5ECC52B9FC95C007A4657 /* UIHelper.swift */ = {isa = PBXFileReference; lastKnownFileType = sourcecode.swift; path = UIHelper.swift; sourceTree = "<group>"; };
		45F5ECC72BA011C9007A4657 /* CloseButton.swift */ = {isa = PBXFileReference; lastKnownFileType = sourcecode.swift; path = CloseButton.swift; sourceTree = "<group>"; };
		45F5ECC92BA11046007A4657 /* LocateMeButton.swift */ = {isa = PBXFileReference; lastKnownFileType = sourcecode.swift; path = LocateMeButton.swift; sourceTree = "<group>"; };
/* End PBXFileReference section */

/* Begin PBXFrameworksBuildPhase section */
		4563B9EC2B687AA4005A677A /* Frameworks */ = {
			isa = PBXFrameworksBuildPhase;
			buildActionMask = 2147483647;
			files = (
				455363EE2B687D90006DF291 /* MapLibre in Frameworks */,
				455CDFF42BAA5E4A00D72FF6 /* PhoneNumberKit in Frameworks */,
			);
			runOnlyForDeploymentPostprocessing = 0;
		};
		4563B9FC2B687AA5005A677A /* Frameworks */ = {
			isa = PBXFrameworksBuildPhase;
			buildActionMask = 2147483647;
			files = (
			);
			runOnlyForDeploymentPostprocessing = 0;
		};
		4563BA062B687AA5005A677A /* Frameworks */ = {
			isa = PBXFrameworksBuildPhase;
			buildActionMask = 2147483647;
			files = (
			);
			runOnlyForDeploymentPostprocessing = 0;
		};
/* End PBXFrameworksBuildPhase section */

/* Begin PBXGroup section */
		455CDFF22BAA5E4A00D72FF6 /* Frameworks */ = {
			isa = PBXGroup;
			children = (
			);
			name = Frameworks;
			sourceTree = "<group>";
		};
		4563B9E62B687AA4005A677A = {
			isa = PBXGroup;
			children = (
				4545AA712BA3A9E000958306 /* maps.earth-unit-tests.xctestplan */,
				4563B9F12B687AA4005A677A /* maps.earth */,
				4563BA022B687AA5005A677A /* maps.earthTests */,
				4563BA0C2B687AA5005A677A /* maps.earthUITests */,
				4563B9F02B687AA4005A677A /* Products */,
				455CDFF22BAA5E4A00D72FF6 /* Frameworks */,
			);
			sourceTree = "<group>";
		};
		4563B9F02B687AA4005A677A /* Products */ = {
			isa = PBXGroup;
			children = (
				4563B9EF2B687AA4005A677A /* maps.earth.app */,
				4563B9FF2B687AA5005A677A /* maps.earthTests.xctest */,
				4563BA092B687AA5005A677A /* maps.earthUITests.xctest */,
			);
			name = Products;
			sourceTree = "<group>";
		};
		4563B9F12B687AA4005A677A /* maps.earth */ = {
			isa = PBXGroup;
			children = (
				45992B542B9B651900A64AEE /* maps-earth-Info.plist */,
				456C6CEF2B71BBC800AAFBE6 /* Utils */,
				45971ACB2B71AC000050BECE /* Data */,
				45971AC82B71A78C0050BECE /* Services */,
				45971AC72B71A7810050BECE /* Models */,
				45971AC62B71A7050050BECE /* Views */,
				4563B9F22B687AA4005A677A /* maps_earthApp.swift */,
				4563B9F62B687AA5005A677A /* Assets.xcassets */,
				4563B9F82B687AA5005A677A /* Preview Content */,
			);
			path = maps.earth;
			sourceTree = "<group>";
		};
		4563B9F82B687AA5005A677A /* Preview Content */ = {
			isa = PBXGroup;
			children = (
				4563B9F92B687AA5005A677A /* Preview Assets.xcassets */,
			);
			path = "Preview Content";
			sourceTree = "<group>";
		};
		4563BA022B687AA5005A677A /* maps.earthTests */ = {
			isa = PBXGroup;
			children = (
				4563BA032B687AA5005A677A /* maps_earthTests.swift */,
				456C6CF22B7306D000AAFBE6 /* PlaceTest.swift */,
				450C5F1E2B963B5700394697 /* TripTest.swift */,
			);
			path = maps.earthTests;
			sourceTree = "<group>";
		};
		4563BA0C2B687AA5005A677A /* maps.earthUITests */ = {
			isa = PBXGroup;
			children = (
				4563BA0D2B687AA5005A677A /* maps_earthUITests.swift */,
				4563BA0F2B687AA5005A677A /* maps_earthUITestsLaunchTests.swift */,
			);
			path = maps.earthUITests;
			sourceTree = "<group>";
		};
		456C6CEF2B71BBC800AAFBE6 /* Utils */ = {
			isa = PBXGroup;
			children = (
				456C6CF02B71BBD200AAFBE6 /* AddressFormatter.swift */,
				45992B4C2B9A71D100A64AEE /* Style.swift */,
				45992B4E2B9A9D1B00A64AEE /* AppConfig.swift */,
				45F5ECC52B9FC95C007A4657 /* UIHelper.swift */,
			);
			path = Utils;
			sourceTree = "<group>";
		};
		45971AC62B71A7050050BECE /* Views */ = {
			isa = PBXGroup;
			children = (
				45971AC42B71A6FF0050BECE /* PlaceRow.swift */,
				455363EF2B687EF0006DF291 /* MapView.swift */,
				4563B9F42B687AA4005A677A /* HomeView.swift */,
				456C6CEB2B71B15100AAFBE6 /* PlaceList.swift */,
				456C6CED2B71B28E00AAFBE6 /* PlaceDetail.swift */,
				45CA4C6D2B7ECB6400DB08BF /* TripPlanView.swift */,
				45CA4C6F2B7EE69800DB08BF /* PlaceSearch.swift */,
				45992B552B9BC3BC00A64AEE /* MarkerViews.swift */,
				45F5ECC72BA011C9007A4657 /* CloseButton.swift */,
				45F5ECC92BA11046007A4657 /* LocateMeButton.swift */,
				4545AA762BA3B88D00958306 /* ManeuverList.swift */,
				4562F3492BA50BBB00FD8621 /* SheetContent.swift */,
				455CDFF72BAB99D600D72FF6 /* TopControls.swift */,
				45462D412BC0BEA900FDE302 /* TripPlanListItemDetails.swift */,
				45D0C53C2BC47FC4004D245F /* MultiModalTripDetails.swift */,
			);
			path = Views;
			sourceTree = "<group>";
		};
		45971AC72B71A7810050BECE /* Models */ = {
			isa = PBXGroup;
			children = (
				45971ABA2B71995D0050BECE /* Place.swift */,
				45971ABE2B719C620050BECE /* LngLat.swift */,
				450C5F1C2B961DFC00394697 /* Trip.swift */,
				45992B502B9B5B4300A64AEE /* TripPlan.swift */,
				4545AA672BA373B500958306 /* Env.swift */,
				4545AA6D2BA3934000958306 /* Maneuver.swift */,
			);
			path = Models;
			sourceTree = "<group>";
		};
		45971AC82B71A78C0050BECE /* Services */ = {
			isa = PBXGroup;
			children = (
				45971AC22B719DD90050BECE /* GeocodeClient.swift */,
				45992B4A2B97E66D00A64AEE /* TripPlanClient.swift */,
				4545AA6F2BA39C4F00958306 /* Valhalla.swift */,
				45462D3F2BC0BB4F00FDE302 /* OpenTripPlanner.swift */,
			);
			path = Services;
			sourceTree = "<group>";
		};
		45971ACB2B71AC000050BECE /* Data */ = {
			isa = PBXGroup;
			children = (
				45971AC92B71AB500050BECE /* FixtureData.swift */,
				45971ACC2B71AC090050BECE /* StubbedResponses */,
			);
			path = Data;
			sourceTree = "<group>";
		};
		45971ACC2B71AC090050BECE /* StubbedResponses */ = {
			isa = PBXGroup;
			children = (
				45E474702BB3562500018120 /* bicycle_plan_error.json */,
				4545AA722BA3B0B700958306 /* bicycle_plan.json */,
				4545AA732BA3B0B700958306 /* car_plan.json */,
				4545AA692BA3857500958306 /* walk_plan.json */,
				45992B462B97E55F00A64AEE /* transit_plan.json */,
				45971ACD2B71AC320050BECE /* autocomplete.json */,
			);
			path = StubbedResponses;
			sourceTree = "<group>";
		};
/* End PBXGroup section */

/* Begin PBXNativeTarget section */
		4563B9EE2B687AA4005A677A /* maps.earth */ = {
			isa = PBXNativeTarget;
			buildConfigurationList = 4563BA132B687AA5005A677A /* Build configuration list for PBXNativeTarget "maps.earth" */;
			buildPhases = (
				4563B9EB2B687AA4005A677A /* Sources */,
				4563B9EC2B687AA4005A677A /* Frameworks */,
				4563B9ED2B687AA4005A677A /* Resources */,
			);
			buildRules = (
			);
			dependencies = (
			);
			name = maps.earth;
			packageProductDependencies = (
				455363ED2B687D90006DF291 /* MapLibre */,
				455CDFF32BAA5E4A00D72FF6 /* PhoneNumberKit */,
			);
			productName = maps.earth;
			productReference = 4563B9EF2B687AA4005A677A /* maps.earth.app */;
			productType = "com.apple.product-type.application";
		};
		4563B9FE2B687AA5005A677A /* maps.earthTests */ = {
			isa = PBXNativeTarget;
			buildConfigurationList = 4563BA162B687AA5005A677A /* Build configuration list for PBXNativeTarget "maps.earthTests" */;
			buildPhases = (
				4563B9FB2B687AA5005A677A /* Sources */,
				4563B9FC2B687AA5005A677A /* Frameworks */,
				4563B9FD2B687AA5005A677A /* Resources */,
			);
			buildRules = (
			);
			dependencies = (
				4563BA012B687AA5005A677A /* PBXTargetDependency */,
			);
			name = maps.earthTests;
			productName = maps.earthTests;
			productReference = 4563B9FF2B687AA5005A677A /* maps.earthTests.xctest */;
			productType = "com.apple.product-type.bundle.unit-test";
		};
		4563BA082B687AA5005A677A /* maps.earthUITests */ = {
			isa = PBXNativeTarget;
			buildConfigurationList = 4563BA192B687AA5005A677A /* Build configuration list for PBXNativeTarget "maps.earthUITests" */;
			buildPhases = (
				4563BA052B687AA5005A677A /* Sources */,
				4563BA062B687AA5005A677A /* Frameworks */,
				4563BA072B687AA5005A677A /* Resources */,
			);
			buildRules = (
			);
			dependencies = (
				4563BA0B2B687AA5005A677A /* PBXTargetDependency */,
			);
			name = maps.earthUITests;
			productName = maps.earthUITests;
			productReference = 4563BA092B687AA5005A677A /* maps.earthUITests.xctest */;
			productType = "com.apple.product-type.bundle.ui-testing";
		};
/* End PBXNativeTarget section */

/* Begin PBXProject section */
		4563B9E72B687AA4005A677A /* Project object */ = {
			isa = PBXProject;
			attributes = {
				BuildIndependentTargetsInParallel = 1;
				LastSwiftUpdateCheck = 1520;
				LastUpgradeCheck = 1520;
				TargetAttributes = {
					4563B9EE2B687AA4005A677A = {
						CreatedOnToolsVersion = 15.2;
					};
					4563B9FE2B687AA5005A677A = {
						CreatedOnToolsVersion = 15.2;
						TestTargetID = 4563B9EE2B687AA4005A677A;
					};
					4563BA082B687AA5005A677A = {
						CreatedOnToolsVersion = 15.2;
						TestTargetID = 4563B9EE2B687AA4005A677A;
					};
				};
			};
			buildConfigurationList = 4563B9EA2B687AA4005A677A /* Build configuration list for PBXProject "maps.earth" */;
			compatibilityVersion = "Xcode 14.0";
			developmentRegion = en;
			hasScannedForEncodings = 0;
			knownRegions = (
				en,
				Base,
			);
			mainGroup = 4563B9E62B687AA4005A677A;
			packageReferences = (
				455363EC2B687D90006DF291 /* XCRemoteSwiftPackageReference "maplibre-gl-native-distribution" */,
				4504D1832BAA5D9300872B55 /* XCRemoteSwiftPackageReference "PhoneNumberKit" */,
			);
			productRefGroup = 4563B9F02B687AA4005A677A /* Products */;
			projectDirPath = "";
			projectRoot = "";
			targets = (
				4563B9EE2B687AA4005A677A /* maps.earth */,
				4563B9FE2B687AA5005A677A /* maps.earthTests */,
				4563BA082B687AA5005A677A /* maps.earthUITests */,
			);
		};
/* End PBXProject section */

/* Begin PBXResourcesBuildPhase section */
		4563B9ED2B687AA4005A677A /* Resources */ = {
			isa = PBXResourcesBuildPhase;
			buildActionMask = 2147483647;
			files = (
				45992B482B97E56000A64AEE /* transit_plan.json in Resources */,
				45E474712BB3562600018120 /* bicycle_plan_error.json in Resources */,
				4563B9FA2B687AA5005A677A /* Preview Assets.xcassets in Resources */,
				4545AA742BA3B0B700958306 /* bicycle_plan.json in Resources */,
				4545AA752BA3B0B700958306 /* car_plan.json in Resources */,
				45971ACE2B71AC320050BECE /* autocomplete.json in Resources */,
				4545AA6B2BA3857500958306 /* walk_plan.json in Resources */,
				4563B9F72B687AA5005A677A /* Assets.xcassets in Resources */,
			);
			runOnlyForDeploymentPostprocessing = 0;
		};
		4563B9FD2B687AA5005A677A /* Resources */ = {
			isa = PBXResourcesBuildPhase;
			buildActionMask = 2147483647;
			files = (
			);
			runOnlyForDeploymentPostprocessing = 0;
		};
		4563BA072B687AA5005A677A /* Resources */ = {
			isa = PBXResourcesBuildPhase;
			buildActionMask = 2147483647;
			files = (
			);
			runOnlyForDeploymentPostprocessing = 0;
		};
/* End PBXResourcesBuildPhase section */

/* Begin PBXSourcesBuildPhase section */
		4563B9EB2B687AA4005A677A /* Sources */ = {
			isa = PBXSourcesBuildPhase;
			buildActionMask = 2147483647;
			files = (
				4563B9F52B687AA4005A677A /* HomeView.swift in Sources */,
				45971ABB2B71995D0050BECE /* Place.swift in Sources */,
				45971ACA2B71AB500050BECE /* FixtureData.swift in Sources */,
				45F5ECC62B9FC95C007A4657 /* UIHelper.swift in Sources */,
				45992B512B9B5B4300A64AEE /* TripPlan.swift in Sources */,
				45971ABF2B719C620050BECE /* LngLat.swift in Sources */,
				456C6CEE2B71B28E00AAFBE6 /* PlaceDetail.swift in Sources */,
				455363F02B687EF0006DF291 /* MapView.swift in Sources */,
				45992B562B9BC3BC00A64AEE /* MarkerViews.swift in Sources */,
				45971AC52B71A6FF0050BECE /* PlaceRow.swift in Sources */,
				45992B4D2B9A71D100A64AEE /* Style.swift in Sources */,
				456C6CEC2B71B15100AAFBE6 /* PlaceList.swift in Sources */,
				45992B4B2B97E66D00A64AEE /* TripPlanClient.swift in Sources */,
				45F5ECCA2BA11046007A4657 /* LocateMeButton.swift in Sources */,
				45D0C53D2BC47FC4004D245F /* MultiModalTripDetails.swift in Sources */,
				4545AA682BA373B500958306 /* Env.swift in Sources */,
				45992B4F2B9A9D1B00A64AEE /* AppConfig.swift in Sources */,
				45CA4C702B7EE69800DB08BF /* PlaceSearch.swift in Sources */,
				4563B9F32B687AA4005A677A /* maps_earthApp.swift in Sources */,
				45462D402BC0BB4F00FDE302 /* OpenTripPlanner.swift in Sources */,
				4545AA702BA39C4F00958306 /* Valhalla.swift in Sources */,
				456C6CF12B71BBD200AAFBE6 /* AddressFormatter.swift in Sources */,
				45462D422BC0BEA900FDE302 /* TripPlanListItemDetails.swift in Sources */,
				45971AC32B719DD90050BECE /* GeocodeClient.swift in Sources */,
				4545AA6E2BA3934000958306 /* Maneuver.swift in Sources */,
				4562F34A2BA50BBB00FD8621 /* SheetContent.swift in Sources */,
				4545AA772BA3B88D00958306 /* ManeuverList.swift in Sources */,
				45F5ECC82BA011C9007A4657 /* CloseButton.swift in Sources */,
				450C5F1D2B961DFC00394697 /* Trip.swift in Sources */,
				45CA4C6E2B7ECB6400DB08BF /* TripPlanView.swift in Sources */,
				455CDFF82BAB99D600D72FF6 /* TopControls.swift in Sources */,
			);
			runOnlyForDeploymentPostprocessing = 0;
		};
		4563B9FB2B687AA5005A677A /* Sources */ = {
			isa = PBXSourcesBuildPhase;
			buildActionMask = 2147483647;
			files = (
				450C5F1F2B963B5700394697 /* TripTest.swift in Sources */,
				4563BA042B687AA5005A677A /* maps_earthTests.swift in Sources */,
				456C6CF32B7306D000AAFBE6 /* PlaceTest.swift in Sources */,
			);
			runOnlyForDeploymentPostprocessing = 0;
		};
		4563BA052B687AA5005A677A /* Sources */ = {
			isa = PBXSourcesBuildPhase;
			buildActionMask = 2147483647;
			files = (
				4563BA102B687AA5005A677A /* maps_earthUITestsLaunchTests.swift in Sources */,
				4563BA0E2B687AA5005A677A /* maps_earthUITests.swift in Sources */,
			);
			runOnlyForDeploymentPostprocessing = 0;
		};
/* End PBXSourcesBuildPhase section */

/* Begin PBXTargetDependency section */
		4563BA012B687AA5005A677A /* PBXTargetDependency */ = {
			isa = PBXTargetDependency;
			target = 4563B9EE2B687AA4005A677A /* maps.earth */;
			targetProxy = 4563BA002B687AA5005A677A /* PBXContainerItemProxy */;
		};
		4563BA0B2B687AA5005A677A /* PBXTargetDependency */ = {
			isa = PBXTargetDependency;
			target = 4563B9EE2B687AA4005A677A /* maps.earth */;
			targetProxy = 4563BA0A2B687AA5005A677A /* PBXContainerItemProxy */;
		};
/* End PBXTargetDependency section */

/* Begin XCBuildConfiguration section */
		4563BA112B687AA5005A677A /* Debug */ = {
			isa = XCBuildConfiguration;
			buildSettings = {
				ALWAYS_SEARCH_USER_PATHS = NO;
				ASSETCATALOG_COMPILER_GENERATE_SWIFT_ASSET_SYMBOL_EXTENSIONS = YES;
				CLANG_ANALYZER_NONNULL = YES;
				CLANG_ANALYZER_NUMBER_OBJECT_CONVERSION = YES_AGGRESSIVE;
				CLANG_CXX_LANGUAGE_STANDARD = "gnu++20";
				CLANG_ENABLE_MODULES = YES;
				CLANG_ENABLE_OBJC_ARC = YES;
				CLANG_ENABLE_OBJC_WEAK = YES;
				CLANG_WARN_BLOCK_CAPTURE_AUTORELEASING = YES;
				CLANG_WARN_BOOL_CONVERSION = YES;
				CLANG_WARN_COMMA = YES;
				CLANG_WARN_CONSTANT_CONVERSION = YES;
				CLANG_WARN_DEPRECATED_OBJC_IMPLEMENTATIONS = YES;
				CLANG_WARN_DIRECT_OBJC_ISA_USAGE = YES_ERROR;
				CLANG_WARN_DOCUMENTATION_COMMENTS = YES;
				CLANG_WARN_EMPTY_BODY = YES;
				CLANG_WARN_ENUM_CONVERSION = YES;
				CLANG_WARN_INFINITE_RECURSION = YES;
				CLANG_WARN_INT_CONVERSION = YES;
				CLANG_WARN_NON_LITERAL_NULL_CONVERSION = YES;
				CLANG_WARN_OBJC_IMPLICIT_RETAIN_SELF = YES;
				CLANG_WARN_OBJC_LITERAL_CONVERSION = YES;
				CLANG_WARN_OBJC_ROOT_CLASS = YES_ERROR;
				CLANG_WARN_QUOTED_INCLUDE_IN_FRAMEWORK_HEADER = YES;
				CLANG_WARN_RANGE_LOOP_ANALYSIS = YES;
				CLANG_WARN_STRICT_PROTOTYPES = YES;
				CLANG_WARN_SUSPICIOUS_MOVE = YES;
				CLANG_WARN_UNGUARDED_AVAILABILITY = YES_AGGRESSIVE;
				CLANG_WARN_UNREACHABLE_CODE = YES;
				CLANG_WARN__DUPLICATE_METHOD_MATCH = YES;
				COPY_PHASE_STRIP = NO;
				DEBUG_INFORMATION_FORMAT = dwarf;
				ENABLE_STRICT_OBJC_MSGSEND = YES;
				ENABLE_TESTABILITY = YES;
				ENABLE_USER_SCRIPT_SANDBOXING = YES;
				GCC_C_LANGUAGE_STANDARD = gnu17;
				GCC_DYNAMIC_NO_PIC = NO;
				GCC_NO_COMMON_BLOCKS = YES;
				GCC_OPTIMIZATION_LEVEL = 0;
				GCC_PREPROCESSOR_DEFINITIONS = (
					"DEBUG=1",
					"$(inherited)",
				);
				GCC_WARN_64_TO_32_BIT_CONVERSION = YES;
				GCC_WARN_ABOUT_RETURN_TYPE = YES_ERROR;
				GCC_WARN_UNDECLARED_SELECTOR = YES;
				GCC_WARN_UNINITIALIZED_AUTOS = YES_AGGRESSIVE;
				GCC_WARN_UNUSED_FUNCTION = YES;
				GCC_WARN_UNUSED_VARIABLE = YES;
				IPHONEOS_DEPLOYMENT_TARGET = 17.2;
				LOCALIZATION_PREFERS_STRING_CATALOGS = YES;
				MTL_ENABLE_DEBUG_INFO = INCLUDE_SOURCE;
				MTL_FAST_MATH = YES;
				ONLY_ACTIVE_ARCH = YES;
				SDKROOT = iphoneos;
				SWIFT_ACTIVE_COMPILATION_CONDITIONS = "DEBUG $(inherited)";
				SWIFT_OPTIMIZATION_LEVEL = "-Onone";
			};
			name = Debug;
		};
		4563BA122B687AA5005A677A /* Release */ = {
			isa = XCBuildConfiguration;
			buildSettings = {
				ALWAYS_SEARCH_USER_PATHS = NO;
				ASSETCATALOG_COMPILER_GENERATE_SWIFT_ASSET_SYMBOL_EXTENSIONS = YES;
				CLANG_ANALYZER_NONNULL = YES;
				CLANG_ANALYZER_NUMBER_OBJECT_CONVERSION = YES_AGGRESSIVE;
				CLANG_CXX_LANGUAGE_STANDARD = "gnu++20";
				CLANG_ENABLE_MODULES = YES;
				CLANG_ENABLE_OBJC_ARC = YES;
				CLANG_ENABLE_OBJC_WEAK = YES;
				CLANG_WARN_BLOCK_CAPTURE_AUTORELEASING = YES;
				CLANG_WARN_BOOL_CONVERSION = YES;
				CLANG_WARN_COMMA = YES;
				CLANG_WARN_CONSTANT_CONVERSION = YES;
				CLANG_WARN_DEPRECATED_OBJC_IMPLEMENTATIONS = YES;
				CLANG_WARN_DIRECT_OBJC_ISA_USAGE = YES_ERROR;
				CLANG_WARN_DOCUMENTATION_COMMENTS = YES;
				CLANG_WARN_EMPTY_BODY = YES;
				CLANG_WARN_ENUM_CONVERSION = YES;
				CLANG_WARN_INFINITE_RECURSION = YES;
				CLANG_WARN_INT_CONVERSION = YES;
				CLANG_WARN_NON_LITERAL_NULL_CONVERSION = YES;
				CLANG_WARN_OBJC_IMPLICIT_RETAIN_SELF = YES;
				CLANG_WARN_OBJC_LITERAL_CONVERSION = YES;
				CLANG_WARN_OBJC_ROOT_CLASS = YES_ERROR;
				CLANG_WARN_QUOTED_INCLUDE_IN_FRAMEWORK_HEADER = YES;
				CLANG_WARN_RANGE_LOOP_ANALYSIS = YES;
				CLANG_WARN_STRICT_PROTOTYPES = YES;
				CLANG_WARN_SUSPICIOUS_MOVE = YES;
				CLANG_WARN_UNGUARDED_AVAILABILITY = YES_AGGRESSIVE;
				CLANG_WARN_UNREACHABLE_CODE = YES;
				CLANG_WARN__DUPLICATE_METHOD_MATCH = YES;
				COPY_PHASE_STRIP = NO;
				DEBUG_INFORMATION_FORMAT = "dwarf-with-dsym";
				ENABLE_NS_ASSERTIONS = NO;
				ENABLE_STRICT_OBJC_MSGSEND = YES;
				ENABLE_USER_SCRIPT_SANDBOXING = YES;
				GCC_C_LANGUAGE_STANDARD = gnu17;
				GCC_NO_COMMON_BLOCKS = YES;
				GCC_WARN_64_TO_32_BIT_CONVERSION = YES;
				GCC_WARN_ABOUT_RETURN_TYPE = YES_ERROR;
				GCC_WARN_UNDECLARED_SELECTOR = YES;
				GCC_WARN_UNINITIALIZED_AUTOS = YES_AGGRESSIVE;
				GCC_WARN_UNUSED_FUNCTION = YES;
				GCC_WARN_UNUSED_VARIABLE = YES;
				IPHONEOS_DEPLOYMENT_TARGET = 17.2;
				LOCALIZATION_PREFERS_STRING_CATALOGS = YES;
				MTL_ENABLE_DEBUG_INFO = NO;
				MTL_FAST_MATH = YES;
				SDKROOT = iphoneos;
				SWIFT_COMPILATION_MODE = wholemodule;
				VALIDATE_PRODUCT = YES;
			};
			name = Release;
		};
		4563BA142B687AA5005A677A /* Debug */ = {
			isa = XCBuildConfiguration;
			buildSettings = {
				ASSETCATALOG_COMPILER_APPICON_NAME = AppIcon;
				ASSETCATALOG_COMPILER_GLOBAL_ACCENT_COLOR_NAME = AccentColor;
				CODE_SIGN_STYLE = Automatic;
				CURRENT_PROJECT_VERSION = 1;
				DEVELOPMENT_ASSET_PATHS = "\"maps.earth/Preview Content\"";
				DEVELOPMENT_TEAM = CSBZ6R9U39;
				ENABLE_PREVIEWS = YES;
				GENERATE_INFOPLIST_FILE = YES;
				INFOPLIST_FILE = "maps-earth-Info.plist";
				INFOPLIST_KEY_CFBundleDisplayName = Maps.Earth;
				INFOPLIST_KEY_NSLocationWhenInUseUsageDescription = "Your location is displayed on the map and used to determine navigation directions. It's not used for any purpose other than operating the map.";
				INFOPLIST_KEY_UIApplicationSceneManifest_Generation = YES;
				INFOPLIST_KEY_UIApplicationSupportsIndirectInputEvents = YES;
				INFOPLIST_KEY_UISupportedInterfaceOrientations_iPad = "UIInterfaceOrientationPortrait UIInterfaceOrientationPortraitUpsideDown UIInterfaceOrientationLandscapeLeft UIInterfaceOrientationLandscapeRight";
				INFOPLIST_KEY_UISupportedInterfaceOrientations_iPhone = "UIInterfaceOrientationPortrait UIInterfaceOrientationLandscapeLeft UIInterfaceOrientationLandscapeRight";
				INFOPLIST_KEY_UIUserInterfaceStyle = Light;
				IPHONEOS_DEPLOYMENT_TARGET = 16.4;
				LD_RUNPATH_SEARCH_PATHS = (
					"$(inherited)",
					"@executable_path/Frameworks",
				);
				MARKETING_VERSION = 1.1;
				PRODUCT_BUNDLE_IDENTIFIER = "earth.maps.maps-earth";
				PRODUCT_NAME = "$(TARGET_NAME)";
				SWIFT_EMIT_LOC_STRINGS = YES;
				SWIFT_VERSION = 5.0;
				TARGETED_DEVICE_FAMILY = 1;
			};
			name = Debug;
		};
		4563BA152B687AA5005A677A /* Release */ = {
			isa = XCBuildConfiguration;
			buildSettings = {
				ASSETCATALOG_COMPILER_APPICON_NAME = AppIcon;
				ASSETCATALOG_COMPILER_GLOBAL_ACCENT_COLOR_NAME = AccentColor;
				CODE_SIGN_STYLE = Automatic;
				CURRENT_PROJECT_VERSION = 1;
				DEVELOPMENT_ASSET_PATHS = "\"maps.earth/Preview Content\"";
				DEVELOPMENT_TEAM = CSBZ6R9U39;
				ENABLE_PREVIEWS = YES;
				GENERATE_INFOPLIST_FILE = YES;
				INFOPLIST_FILE = "maps-earth-Info.plist";
				INFOPLIST_KEY_CFBundleDisplayName = Maps.Earth;
				INFOPLIST_KEY_NSLocationWhenInUseUsageDescription = "Your location is displayed on the map and used to determine navigation directions. It's not used for any purpose other than operating the map.";
				INFOPLIST_KEY_UIApplicationSceneManifest_Generation = YES;
				INFOPLIST_KEY_UIApplicationSupportsIndirectInputEvents = YES;
				INFOPLIST_KEY_UISupportedInterfaceOrientations_iPad = "UIInterfaceOrientationPortrait UIInterfaceOrientationPortraitUpsideDown UIInterfaceOrientationLandscapeLeft UIInterfaceOrientationLandscapeRight";
				INFOPLIST_KEY_UISupportedInterfaceOrientations_iPhone = "UIInterfaceOrientationPortrait UIInterfaceOrientationLandscapeLeft UIInterfaceOrientationLandscapeRight";
				INFOPLIST_KEY_UIUserInterfaceStyle = Light;
				IPHONEOS_DEPLOYMENT_TARGET = 16.4;
				LD_RUNPATH_SEARCH_PATHS = (
					"$(inherited)",
					"@executable_path/Frameworks",
				);
				MARKETING_VERSION = 1.1;
				PRODUCT_BUNDLE_IDENTIFIER = "earth.maps.maps-earth";
				PRODUCT_NAME = "$(TARGET_NAME)";
				SWIFT_EMIT_LOC_STRINGS = YES;
				SWIFT_VERSION = 5.0;
				TARGETED_DEVICE_FAMILY = 1;
			};
			name = Release;
		};
		4563BA172B687AA5005A677A /* Debug */ = {
			isa = XCBuildConfiguration;
			buildSettings = {
				ALWAYS_EMBED_SWIFT_STANDARD_LIBRARIES = YES;
				BUNDLE_LOADER = "$(TEST_HOST)";
				CODE_SIGN_STYLE = Automatic;
				CURRENT_PROJECT_VERSION = 1;
				DEVELOPMENT_TEAM = CSBZ6R9U39;
				GENERATE_INFOPLIST_FILE = YES;
				IPHONEOS_DEPLOYMENT_TARGET = 17.2;
				MARKETING_VERSION = 1.0;
				PRODUCT_BUNDLE_IDENTIFIER = "earth.maps.maps-earthTests";
				PRODUCT_NAME = "$(TARGET_NAME)";
				SWIFT_EMIT_LOC_STRINGS = NO;
				SWIFT_VERSION = 5.0;
				TARGETED_DEVICE_FAMILY = "1,2";
				TEST_HOST = "$(BUILT_PRODUCTS_DIR)/maps.earth.app/$(BUNDLE_EXECUTABLE_FOLDER_PATH)/maps.earth";
			};
			name = Debug;
		};
		4563BA182B687AA5005A677A /* Release */ = {
			isa = XCBuildConfiguration;
			buildSettings = {
				ALWAYS_EMBED_SWIFT_STANDARD_LIBRARIES = YES;
				BUNDLE_LOADER = "$(TEST_HOST)";
				CODE_SIGN_STYLE = Automatic;
				CURRENT_PROJECT_VERSION = 1;
				DEVELOPMENT_TEAM = CSBZ6R9U39;
				GENERATE_INFOPLIST_FILE = YES;
				IPHONEOS_DEPLOYMENT_TARGET = 17.2;
				MARKETING_VERSION = 1.0;
				PRODUCT_BUNDLE_IDENTIFIER = "earth.maps.maps-earthTests";
				PRODUCT_NAME = "$(TARGET_NAME)";
				SWIFT_EMIT_LOC_STRINGS = NO;
				SWIFT_VERSION = 5.0;
				TARGETED_DEVICE_FAMILY = "1,2";
				TEST_HOST = "$(BUILT_PRODUCTS_DIR)/maps.earth.app/$(BUNDLE_EXECUTABLE_FOLDER_PATH)/maps.earth";
			};
			name = Release;
		};
		4563BA1A2B687AA5005A677A /* Debug */ = {
			isa = XCBuildConfiguration;
			buildSettings = {
				ALWAYS_EMBED_SWIFT_STANDARD_LIBRARIES = YES;
				CODE_SIGN_STYLE = Automatic;
				CURRENT_PROJECT_VERSION = 1;
				DEVELOPMENT_TEAM = CSBZ6R9U39;
				GENERATE_INFOPLIST_FILE = YES;
				MARKETING_VERSION = 1.0;
				PRODUCT_BUNDLE_IDENTIFIER = "earth.maps.maps-earthUITests";
				PRODUCT_NAME = "$(TARGET_NAME)";
				SWIFT_EMIT_LOC_STRINGS = NO;
				SWIFT_VERSION = 5.0;
				TARGETED_DEVICE_FAMILY = "1,2";
				TEST_TARGET_NAME = maps.earth;
			};
			name = Debug;
		};
		4563BA1B2B687AA5005A677A /* Release */ = {
			isa = XCBuildConfiguration;
			buildSettings = {
				ALWAYS_EMBED_SWIFT_STANDARD_LIBRARIES = YES;
				CODE_SIGN_STYLE = Automatic;
				CURRENT_PROJECT_VERSION = 1;
				DEVELOPMENT_TEAM = CSBZ6R9U39;
				GENERATE_INFOPLIST_FILE = YES;
				MARKETING_VERSION = 1.0;
				PRODUCT_BUNDLE_IDENTIFIER = "earth.maps.maps-earthUITests";
				PRODUCT_NAME = "$(TARGET_NAME)";
				SWIFT_EMIT_LOC_STRINGS = NO;
				SWIFT_VERSION = 5.0;
				TARGETED_DEVICE_FAMILY = "1,2";
				TEST_TARGET_NAME = maps.earth;
			};
			name = Release;
		};
/* End XCBuildConfiguration section */

/* Begin XCConfigurationList section */
		4563B9EA2B687AA4005A677A /* Build configuration list for PBXProject "maps.earth" */ = {
			isa = XCConfigurationList;
			buildConfigurations = (
				4563BA112B687AA5005A677A /* Debug */,
				4563BA122B687AA5005A677A /* Release */,
			);
			defaultConfigurationIsVisible = 0;
			defaultConfigurationName = Release;
		};
		4563BA132B687AA5005A677A /* Build configuration list for PBXNativeTarget "maps.earth" */ = {
			isa = XCConfigurationList;
			buildConfigurations = (
				4563BA142B687AA5005A677A /* Debug */,
				4563BA152B687AA5005A677A /* Release */,
			);
			defaultConfigurationIsVisible = 0;
			defaultConfigurationName = Release;
		};
		4563BA162B687AA5005A677A /* Build configuration list for PBXNativeTarget "maps.earthTests" */ = {
			isa = XCConfigurationList;
			buildConfigurations = (
				4563BA172B687AA5005A677A /* Debug */,
				4563BA182B687AA5005A677A /* Release */,
			);
			defaultConfigurationIsVisible = 0;
			defaultConfigurationName = Release;
		};
		4563BA192B687AA5005A677A /* Build configuration list for PBXNativeTarget "maps.earthUITests" */ = {
			isa = XCConfigurationList;
			buildConfigurations = (
				4563BA1A2B687AA5005A677A /* Debug */,
				4563BA1B2B687AA5005A677A /* Release */,
			);
			defaultConfigurationIsVisible = 0;
			defaultConfigurationName = Release;
		};
/* End XCConfigurationList section */

/* Begin XCRemoteSwiftPackageReference section */
		4504D1832BAA5D9300872B55 /* XCRemoteSwiftPackageReference "PhoneNumberKit" */ = {
			isa = XCRemoteSwiftPackageReference;
			repositoryURL = "https://github.com/marmelroy/PhoneNumberKit";
			requirement = {
				kind = upToNextMajorVersion;
				minimumVersion = 3.7.9;
			};
		};
		455363EC2B687D90006DF291 /* XCRemoteSwiftPackageReference "maplibre-gl-native-distribution" */ = {
			isa = XCRemoteSwiftPackageReference;
			repositoryURL = "https://github.com/maplibre/maplibre-gl-native-distribution";
			requirement = {
				kind = upToNextMajorVersion;
				minimumVersion = 6.0.0;
			};
		};
/* End XCRemoteSwiftPackageReference section */

/* Begin XCSwiftPackageProductDependency section */
		455363ED2B687D90006DF291 /* MapLibre */ = {
			isa = XCSwiftPackageProductDependency;
			package = 455363EC2B687D90006DF291 /* XCRemoteSwiftPackageReference "maplibre-gl-native-distribution" */;
			productName = MapLibre;
		};
		455CDFF32BAA5E4A00D72FF6 /* PhoneNumberKit */ = {
			isa = XCSwiftPackageProductDependency;
			package = 4504D1832BAA5D9300872B55 /* XCRemoteSwiftPackageReference "PhoneNumberKit" */;
			productName = PhoneNumberKit;
		};
/* End XCSwiftPackageProductDependency section */
	};
	rootObject = 4563B9E72B687AA4005A677A /* Project object */;
}
